
Microsoft Visual Studio Solution File, Format Version 12.00
# Visual Studio 15
Project("{FAE04EC0-301F-11D3-BF4B-00C04F79EFBC}") = "Assembly-CSharp-firstpass", "Assembly-CSharp-firstpass.csproj", "{0F4ED6E7-0C8F-14DA-2B0C-D0F349229183}"
EndProject
Project("{FAE04EC0-301F-11D3-BF4B-00C04F79EFBC}") = "Assembly-CSharp", "Assembly-CSharp.csproj", "{632B35AD-F869-C42A-0703-990FD6D7CF38}"
EndProject
Project("{FAE04EC0-301F-11D3-BF4B-00C04F79EFBC}") = "Assembly-CSharp-Editor", "Assembly-CSharp-Editor.csproj", "{AA770ED4-F06F-1F87-AAAF-E15DDF691484}"
EndProject
Global
	GlobalSection(SolutionConfigurationPlatforms) = preSolution
		Debug|Any CPU = Debug|Any CPU
		Release|Any CPU = Release|Any CPU
	EndGlobalSection
	GlobalSection(ProjectConfigurationPlatforms) = postSolution
		{0F4ED6E7-0C8F-14DA-2B0C-D0F349229183}.Debug|Any CPU.ActiveCfg = Debug|Any CPU
		{0F4ED6E7-0C8F-14DA-2B0C-D0F349229183}.Debug|Any CPU.Build.0 = Debug|Any CPU
		{0F4ED6E7-0C8F-14DA-2B0C-D0F349229183}.Release|Any CPU.ActiveCfg = Release|Any CPU
		{0F4ED6E7-0C8F-14DA-2B0C-D0F349229183}.Release|Any CPU.Build.0 = Release|Any CPU
		{632B35AD-F869-C42A-0703-990FD6D7CF38}.Debug|Any CPU.ActiveCfg = Debug|Any CPU
		{632B35AD-F869-C42A-0703-990FD6D7CF38}.Debug|Any CPU.Build.0 = Debug|Any CPU
		{632B35AD-F869-C42A-0703-990FD6D7CF38}.Release|Any CPU.ActiveCfg = Release|Any CPU
		{632B35AD-F869-C42A-0703-990FD6D7CF38}.Release|Any CPU.Build.0 = Release|Any CPU
		{AA770ED4-F06F-1F87-AAAF-E15DDF691484}.Debug|Any CPU.ActiveCfg = Debug|Any CPU
		{AA770ED4-F06F-1F87-AAAF-E15DDF691484}.Debug|Any CPU.Build.0 = Debug|Any CPU
		{AA770ED4-F06F-1F87-AAAF-E15DDF691484}.Release|Any CPU.ActiveCfg = Release|Any CPU
		{AA770ED4-F06F-1F87-AAAF-E15DDF691484}.Release|Any CPU.Build.0 = Release|Any CPU
	EndGlobalSection
	GlobalSection(SolutionProperties) = preSolution
		HideSolutionNode = FALSE
	EndGlobalSection
EndGlobal
